
Microsoft Visual Studio Solution File, Format Version 10.00
# Visual C# Express 2008
Project("{FAE04EC0-301F-11D3-BF4B-00C04F79EFBC}") = "ArrangeByPenis", "ArrangeByPenis\ArrangeByPenis.csproj", "{1D7EB8B1-C34C-428B-96F9-BA8E7F83A926}"
EndProject
Global
	GlobalSection(SolutionConfigurationPlatforms) = preSolution
		Debug|Any CPU = Debug|Any CPU
		Release|Any CPU = Release|Any CPU
	EndGlobalSection
	GlobalSection(ProjectConfigurationPlatforms) = postSolution
		{1D7EB8B1-C34C-428B-96F9-BA8E7F83A926}.Debug|Any CPU.ActiveCfg = Debug|Any CPU
		{1D7EB8B1-C34C-428B-96F9-BA8E7F83A926}.Debug|Any CPU.Build.0 = Debug|Any CPU
		{1D7EB8B1-C34C-428B-96F9-BA8E7F83A926}.Release|Any CPU.ActiveCfg = Release|Any CPU
		{1D7EB8B1-C34C-428B-96F9-BA8E7F83A926}.Release|Any CPU.Build.0 = Release|Any CPU
	EndGlobalSection
	GlobalSection(SolutionProperties) = preSolution
		HideSolutionNode = FALSE
	EndGlobalSection
EndGlobal
